
Microsoft Visual Studio Solution File, Format Version 12.00
# Visual Studio Version 17
VisualStudioVersion = 17.9.34701.34
MinimumVisualStudioVersion = 10.0.40219.1
Project("{FAE04EC0-301F-11D3-BF4B-00C04F79EFBC}") = "TendenciaCentral", "TendenciaCentral\TendenciaCentral.csproj", "{9F4FF0CA-30E5-4411-B73B-6A802EE8B417}"
EndProject
Global
	GlobalSection(SolutionConfigurationPlatforms) = preSolution
		Debug|Any CPU = Debug|Any CPU
		Release|Any CPU = Release|Any CPU
	EndGlobalSection
	GlobalSection(ProjectConfigurationPlatforms) = postSolution
		{9F4FF0CA-30E5-4411-B73B-6A802EE8B417}.Debug|Any CPU.ActiveCfg = Debug|Any CPU
		{9F4FF0CA-30E5-4411-B73B-6A802EE8B417}.Debug|Any CPU.Build.0 = Debug|Any CPU
		{9F4FF0CA-30E5-4411-B73B-6A802EE8B417}.Release|Any CPU.ActiveCfg = Release|Any CPU
		{9F4FF0CA-30E5-4411-B73B-6A802EE8B417}.Release|Any CPU.Build.0 = Release|Any CPU
	EndGlobalSection
	GlobalSection(SolutionProperties) = preSolution
		HideSolutionNode = FALSE
	EndGlobalSection
	GlobalSection(ExtensibilityGlobals) = postSolution
		SolutionGuid = {0647B833-7F37-44AD-97DB-18E3A4A3DFCF}
	EndGlobalSection
EndGlobal
